
Microsoft Visual Studio Solution File, Format Version 12.00
# Visual Studio Version 17
VisualStudioVersion = 17.0.31903.59
MinimumVisualStudioVersion = 10.0.40219.1
Project("{2150E333-8FDC-42A3-9474-1A3956D46DE8}") = "src", "src", "{827E0CD3-B72D-47B6-A68D-7590B98EB39B}"
EndProject
Project("{FAE04EC0-301F-11D3-BF4B-00C04F79EFBC}") = "WebsupplyConnect.Domain", "src\WebsupplyConnect.Domain\WebsupplyConnect.Domain.csproj", "{70A95DEF-21DB-4B5A-AC23-61B910ACC637}"
EndProject
Project("{FAE04EC0-301F-11D3-BF4B-00C04F79EFBC}") = "WebsupplyConnect.Application", "src\WebsupplyConnect.Application\WebsupplyConnect.Application.csproj", "{04684D03-7EC5-4D4E-836B-89D79C803209}"
EndProject
Project("{FAE04EC0-301F-11D3-BF4B-00C04F79EFBC}") = "WebsupplyConnect.Infrastructure", "src\WebsupplyConnect.Infrastructure\WebsupplyConnect.Infrastructure.csproj", "{6AB4A804-36CB-465B-A0FF-5F0733E4D938}"
EndProject
Project("{FAE04EC0-301F-11D3-BF4B-00C04F79EFBC}") = "WebsupplyConnect.API", "src\WebsupplyConnect.API\WebsupplyConnect.API.csproj", "{ACAFF940-8D58-490E-BE62-B8A74232E4C9}"
EndProject
Project("{2150E333-8FDC-42A3-9474-1A3956D46DE8}") = "tests", "tests", "{0AB3BF05-4346-4AA6-1389-037BE0695223}"
EndProject
Project("{FAE04EC0-301F-11D3-BF4B-00C04F79EFBC}") = "WebsupplyConnect.Domain.Tests", "tests\WebsupplyConnect.Domain.Tests\WebsupplyConnect.Domain.Tests.csproj", "{1C9A730A-3F63-4370-BF59-81A838D0A1DD}"
EndProject
Project("{FAE04EC0-301F-11D3-BF4B-00C04F79EFBC}") = "WebsupplyConnect.Application.Tests", "tests\WebsupplyConnect.Application.Tests\WebsupplyConnect.Application.Tests.csproj", "{D723C8A5-153B-4BCC-8BC7-AF2B93A72B72}"
EndProject
Project("{FAE04EC0-301F-11D3-BF4B-00C04F79EFBC}") = "WebsupplyConnect.API.Tests", "tests\WebsupplyConnect.API.Tests\WebsupplyConnect.API.Tests.csproj", "{1FF2C150-9A99-462A-B07B-FB3ACB7D8E9F}"
EndProject
Project("{FAE04EC0-301F-11D3-BF4B-00C04F79EFBC}") = "WebsupplyConnect.Infrastructure.Tests", "tests\WebsupplyConnect.Infrastructure.Tests\WebsupplyConnect.Infrastructure.Tests.csproj", "{593884ED-985E-4E09-BD68-FA3F9AF2DC6D}"
EndProject
Project("{2150E333-8FDC-42A3-9474-1A3956D46DE8}") = "WebsupplyConnect.AzureFunctions", "WebsupplyConnect.AzureFunctions", "{02EA681E-C7D8-13C7-8484-4AC65E1B71E8}"
EndProject
Project("{FAE04EC0-301F-11D3-BF4B-00C04F79EFBC}") = "WebsupplyConnect.WhatsAppInbound", "src\WebsupplyConnect.AzureFunctions\WebsupplyConnect.WhatsAppInbound\WebsupplyConnect.WhatsAppInbound.csproj", "{A30D583C-7908-459B-9491-153D7E4D21C5}"
EndProject
Project("{FAE04EC0-301F-11D3-BF4B-00C04F79EFBC}") = "WebsupplyConnect.WhatsAppOutbound", "src\WebsupplyConnect.AzureFunctions\WebsupplyConnect.WhatsAppOutbound\WebsupplyConnect.WhatsAppOutbound.csproj", "{85539061-069E-4C1E-9CA8-F6E89596BE44}"
EndProject
Project("{FAE04EC0-301F-11D3-BF4B-00C04F79EFBC}") = "WebsupplyConnect.WhatsAppMidiaOutbound", "src\WebsupplyConnect.AzureFunctions\WebsupplyConnect.WhatsAppMidiaEnvio\WebsupplyConnect.WhatsAppMidiaOutbound.csproj", "{0777EEE4-11CD-465C-8458-BB04B2930244}"
EndProject
Project("{FAE04EC0-301F-11D3-BF4B-00C04F79EFBC}") = "WebsupplyConnect.ETLProcessamento", "src\WebsupplyConnect.AzureFunctions\WebsupplyConnect.ETLProcessamento\WebsupplyConnect.ETLProcessamento.csproj", "{B8A2C3D4-E5F6-7890-ABCD-EF1234567890}"
EndProject
Project("{FAE04EC0-301F-11D3-BF4B-00C04F79EFBC}") = "WebsupplyConnect.WhatsAppInatividade", "WebsupplyConnect.WhatsAppInatividade\WebsupplyConnect.WhatsAppInatividade.csproj", "{980A5D9B-23D2-4EAC-9859-7F85B2F7C4D5}"
EndProject
Project("{FAE04EC0-301F-11D3-BF4B-00C04F79EFBC}") = "WebsupplyConnect.EscalonamentoAutomatico", "src\WebsupplyConnect.AzureFunctions\WebsupplyConnect.EscalonamentoAutomatico\WebsupplyConnect.EscalonamentoAutomatico.csproj", "{DD43166E-212A-4F1E-8F06-0BC7919F4099}"
EndProject
Global
	GlobalSection(SolutionConfigurationPlatforms) = preSolution
		Debug|Any CPU = Debug|Any CPU
		Debug|x64 = Debug|x64
		Debug|x86 = Debug|x86
		Release|Any CPU = Release|Any CPU
		Release|x64 = Release|x64
		Release|x86 = Release|x86
	EndGlobalSection
	GlobalSection(ProjectConfigurationPlatforms) = postSolution
		{70A95DEF-21DB-4B5A-AC23-61B910ACC637}.Debug|Any CPU.ActiveCfg = Debug|Any CPU
		{70A95DEF-21DB-4B5A-AC23-61B910ACC637}.Debug|Any CPU.Build.0 = Debug|Any CPU
		{70A95DEF-21DB-4B5A-AC23-61B910ACC637}.Debug|x64.ActiveCfg = Debug|Any CPU
		{70A95DEF-21DB-4B5A-AC23-61B910ACC637}.Debug|x64.Build.0 = Debug|Any CPU
		{70A95DEF-21DB-4B5A-AC23-61B910ACC637}.Debug|x86.ActiveCfg = Debug|Any CPU
		{70A95DEF-21DB-4B5A-AC23-61B910ACC637}.Debug|x86.Build.0 = Debug|Any CPU
		{70A95DEF-21DB-4B5A-AC23-61B910ACC637}.Release|Any CPU.ActiveCfg = Release|Any CPU
		{70A95DEF-21DB-4B5A-AC23-61B910ACC637}.Release|Any CPU.Build.0 = Release|Any CPU
		{70A95DEF-21DB-4B5A-AC23-61B910ACC637}.Release|x64.ActiveCfg = Release|Any CPU
		{70A95DEF-21DB-4B5A-AC23-61B910ACC637}.Release|x64.Build.0 = Release|Any CPU
		{70A95DEF-21DB-4B5A-AC23-61B910ACC637}.Release|x86.ActiveCfg = Release|Any CPU
		{70A95DEF-21DB-4B5A-AC23-61B910ACC637}.Release|x86.Build.0 = Release|Any CPU
		{04684D03-7EC5-4D4E-836B-89D79C803209}.Debug|Any CPU.ActiveCfg = Debug|Any CPU
		{04684D03-7EC5-4D4E-836B-89D79C803209}.Debug|Any CPU.Build.0 = Debug|Any CPU
		{04684D03-7EC5-4D4E-836B-89D79C803209}.Debug|x64.ActiveCfg = Debug|Any CPU
		{04684D03-7EC5-4D4E-836B-89D79C803209}.Debug|x64.Build.0 = Debug|Any CPU
		{04684D03-7EC5-4D4E-836B-89D79C803209}.Debug|x86.ActiveCfg = Debug|Any CPU
		{04684D03-7EC5-4D4E-836B-89D79C803209}.Debug|x86.Build.0 = Debug|Any CPU
		{04684D03-7EC5-4D4E-836B-89D79C803209}.Release|Any CPU.ActiveCfg = Release|Any CPU
		{04684D03-7EC5-4D4E-836B-89D79C803209}.Release|Any CPU.Build.0 = Release|Any CPU
		{04684D03-7EC5-4D4E-836B-89D79C803209}.Release|x64.ActiveCfg = Release|Any CPU
		{04684D03-7EC5-4D4E-836B-89D79C803209}.Release|x64.Build.0 = Release|Any CPU
		{04684D03-7EC5-4D4E-836B-89D79C803209}.Release|x86.ActiveCfg = Release|Any CPU
		{04684D03-7EC5-4D4E-836B-89D79C803209}.Release|x86.Build.0 = Release|Any CPU
		{6AB4A804-36CB-465B-A0FF-5F0733E4D938}.Debug|Any CPU.ActiveCfg = Debug|Any CPU
		{6AB4A804-36CB-465B-A0FF-5F0733E4D938}.Debug|Any CPU.Build.0 = Debug|Any CPU
		{6AB4A804-36CB-465B-A0FF-5F0733E4D938}.Debug|x64.ActiveCfg = Debug|Any CPU
		{6AB4A804-36CB-465B-A0FF-5F0733E4D938}.Debug|x64.Build.0 = Debug|Any CPU
		{6AB4A804-36CB-465B-A0FF-5F0733E4D938}.Debug|x86.ActiveCfg = Debug|Any CPU
		{6AB4A804-36CB-465B-A0FF-5F0733E4D938}.Debug|x86.Build.0 = Debug|Any CPU
		{6AB4A804-36CB-465B-A0FF-5F0733E4D938}.Release|Any CPU.ActiveCfg = Release|Any CPU
		{6AB4A804-36CB-465B-A0FF-5F0733E4D938}.Release|Any CPU.Build.0 = Release|Any CPU
		{6AB4A804-36CB-465B-A0FF-5F0733E4D938}.Release|x64.ActiveCfg = Release|Any CPU
		{6AB4A804-36CB-465B-A0FF-5F0733E4D938}.Release|x64.Build.0 = Release|Any CPU
		{6AB4A804-36CB-465B-A0FF-5F0733E4D938}.Release|x86.ActiveCfg = Release|Any CPU
		{6AB4A804-36CB-465B-A0FF-5F0733E4D938}.Release|x86.Build.0 = Release|Any CPU
		{ACAFF940-8D58-490E-BE62-B8A74232E4C9}.Debug|Any CPU.ActiveCfg = Debug|Any CPU
		{ACAFF940-8D58-490E-BE62-B8A74232E4C9}.Debug|Any CPU.Build.0 = Debug|Any CPU
		{ACAFF940-8D58-490E-BE62-B8A74232E4C9}.Debug|x64.ActiveCfg = Debug|Any CPU
		{ACAFF940-8D58-490E-BE62-B8A74232E4C9}.Debug|x64.Build.0 = Debug|Any CPU
		{ACAFF940-8D58-490E-BE62-B8A74232E4C9}.Debug|x86.ActiveCfg = Debug|Any CPU
		{ACAFF940-8D58-490E-BE62-B8A74232E4C9}.Debug|x86.Build.0 = Debug|Any CPU
		{ACAFF940-8D58-490E-BE62-B8A74232E4C9}.Release|Any CPU.ActiveCfg = Release|Any CPU
		{ACAFF940-8D58-490E-BE62-B8A74232E4C9}.Release|Any CPU.Build.0 = Release|Any CPU
		{ACAFF940-8D58-490E-BE62-B8A74232E4C9}.Release|x64.ActiveCfg = Release|Any CPU
		{ACAFF940-8D58-490E-BE62-B8A74232E4C9}.Release|x64.Build.0 = Release|Any CPU
		{ACAFF940-8D58-490E-BE62-B8A74232E4C9}.Release|x86.ActiveCfg = Release|Any CPU
		{ACAFF940-8D58-490E-BE62-B8A74232E4C9}.Release|x86.Build.0 = Release|Any CPU
		{1C9A730A-3F63-4370-BF59-81A838D0A1DD}.Debug|Any CPU.ActiveCfg = Debug|Any CPU
		{1C9A730A-3F63-4370-BF59-81A838D0A1DD}.Debug|Any CPU.Build.0 = Debug|Any CPU
		{1C9A730A-3F63-4370-BF59-81A838D0A1DD}.Debug|x64.ActiveCfg = Debug|Any CPU
		{1C9A730A-3F63-4370-BF59-81A838D0A1DD}.Debug|x64.Build.0 = Debug|Any CPU
		{1C9A730A-3F63-4370-BF59-81A838D0A1DD}.Debug|x86.ActiveCfg = Debug|Any CPU
		{1C9A730A-3F63-4370-BF59-81A838D0A1DD}.Debug|x86.Build.0 = Debug|Any CPU
		{1C9A730A-3F63-4370-BF59-81A838D0A1DD}.Release|Any CPU.ActiveCfg = Release|Any CPU
		{1C9A730A-3F63-4370-BF59-81A838D0A1DD}.Release|Any CPU.Build.0 = Release|Any CPU
		{1C9A730A-3F63-4370-BF59-81A838D0A1DD}.Release|x64.ActiveCfg = Release|Any CPU
		{1C9A730A-3F63-4370-BF59-81A838D0A1DD}.Release|x64.Build.0 = Release|Any CPU
		{1C9A730A-3F63-4370-BF59-81A838D0A1DD}.Release|x86.ActiveCfg = Release|Any CPU
		{1C9A730A-3F63-4370-BF59-81A838D0A1DD}.Release|x86.Build.0 = Release|Any CPU
		{D723C8A5-153B-4BCC-8BC7-AF2B93A72B72}.Debug|Any CPU.ActiveCfg = Debug|Any CPU
		{D723C8A5-153B-4BCC-8BC7-AF2B93A72B72}.Debug|Any CPU.Build.0 = Debug|Any CPU
		{D723C8A5-153B-4BCC-8BC7-AF2B93A72B72}.Debug|x64.ActiveCfg = Debug|Any CPU
		{D723C8A5-153B-4BCC-8BC7-AF2B93A72B72}.Debug|x64.Build.0 = Debug|Any CPU
		{D723C8A5-153B-4BCC-8BC7-AF2B93A72B72}.Debug|x86.ActiveCfg = Debug|Any CPU
		{D723C8A5-153B-4BCC-8BC7-AF2B93A72B72}.Debug|x86.Build.0 = Debug|Any CPU
		{D723C8A5-153B-4BCC-8BC7-AF2B93A72B72}.Release|Any CPU.ActiveCfg = Release|Any CPU
		{D723C8A5-153B-4BCC-8BC7-AF2B93A72B72}.Release|Any CPU.Build.0 = Release|Any CPU
		{D723C8A5-153B-4BCC-8BC7-AF2B93A72B72}.Release|x64.ActiveCfg = Release|Any CPU
		{D723C8A5-153B-4BCC-8BC7-AF2B93A72B72}.Release|x64.Build.0 = Release|Any CPU
		{D723C8A5-153B-4BCC-8BC7-AF2B93A72B72}.Release|x86.ActiveCfg = Release|Any CPU
		{D723C8A5-153B-4BCC-8BC7-AF2B93A72B72}.Release|x86.Build.0 = Release|Any CPU
		{1FF2C150-9A99-462A-B07B-FB3ACB7D8E9F}.Debug|Any CPU.ActiveCfg = Debug|Any CPU
		{1FF2C150-9A99-462A-B07B-FB3ACB7D8E9F}.Debug|Any CPU.Build.0 = Debug|Any CPU
		{1FF2C150-9A99-462A-B07B-FB3ACB7D8E9F}.Debug|x64.ActiveCfg = Debug|Any CPU
		{1FF2C150-9A99-462A-B07B-FB3ACB7D8E9F}.Debug|x64.Build.0 = Debug|Any CPU
		{1FF2C150-9A99-462A-B07B-FB3ACB7D8E9F}.Debug|x86.ActiveCfg = Debug|Any CPU
		{1FF2C150-9A99-462A-B07B-FB3ACB7D8E9F}.Debug|x86.Build.0 = Debug|Any CPU
		{1FF2C150-9A99-462A-B07B-FB3ACB7D8E9F}.Release|Any CPU.ActiveCfg = Release|Any CPU
		{1FF2C150-9A99-462A-B07B-FB3ACB7D8E9F}.Release|Any CPU.Build.0 = Release|Any CPU
		{1FF2C150-9A99-462A-B07B-FB3ACB7D8E9F}.Release|x64.ActiveCfg = Release|Any CPU
		{1FF2C150-9A99-462A-B07B-FB3ACB7D8E9F}.Release|x64.Build.0 = Release|Any CPU
		{1FF2C150-9A99-462A-B07B-FB3ACB7D8E9F}.Release|x86.ActiveCfg = Release|Any CPU
		{1FF2C150-9A99-462A-B07B-FB3ACB7D8E9F}.Release|x86.Build.0 = Release|Any CPU
		{593884ED-985E-4E09-BD68-FA3F9AF2DC6D}.Debug|Any CPU.ActiveCfg = Debug|Any CPU
		{593884ED-985E-4E09-BD68-FA3F9AF2DC6D}.Debug|Any CPU.Build.0 = Debug|Any CPU
		{593884ED-985E-4E09-BD68-FA3F9AF2DC6D}.Debug|x64.ActiveCfg = Debug|Any CPU
		{593884ED-985E-4E09-BD68-FA3F9AF2DC6D}.Debug|x64.Build.0 = Debug|Any CPU
		{593884ED-985E-4E09-BD68-FA3F9AF2DC6D}.Debug|x86.ActiveCfg = Debug|Any CPU
		{593884ED-985E-4E09-BD68-FA3F9AF2DC6D}.Debug|x86.Build.0 = Debug|Any CPU
		{593884ED-985E-4E09-BD68-FA3F9AF2DC6D}.Release|Any CPU.ActiveCfg = Release|Any CPU
		{593884ED-985E-4E09-BD68-FA3F9AF2DC6D}.Release|Any CPU.Build.0 = Release|Any CPU
		{593884ED-985E-4E09-BD68-FA3F9AF2DC6D}.Release|x64.ActiveCfg = Release|Any CPU
		{593884ED-985E-4E09-BD68-FA3F9AF2DC6D}.Release|x64.Build.0 = Release|Any CPU
		{593884ED-985E-4E09-BD68-FA3F9AF2DC6D}.Release|x86.ActiveCfg = Release|Any CPU
		{593884ED-985E-4E09-BD68-FA3F9AF2DC6D}.Release|x86.Build.0 = Release|Any CPU
		{A30D583C-7908-459B-9491-153D7E4D21C5}.Debug|Any CPU.ActiveCfg = Debug|Any CPU
		{A30D583C-7908-459B-9491-153D7E4D21C5}.Debug|Any CPU.Build.0 = Debug|Any CPU
		{A30D583C-7908-459B-9491-153D7E4D21C5}.Debug|x64.ActiveCfg = Debug|Any CPU
		{A30D583C-7908-459B-9491-153D7E4D21C5}.Debug|x64.Build.0 = Debug|Any CPU
		{A30D583C-7908-459B-9491-153D7E4D21C5}.Debug|x86.ActiveCfg = Debug|Any CPU
		{A30D583C-7908-459B-9491-153D7E4D21C5}.Debug|x86.Build.0 = Debug|Any CPU
		{A30D583C-7908-459B-9491-153D7E4D21C5}.Release|Any CPU.ActiveCfg = Release|Any CPU
		{A30D583C-7908-459B-9491-153D7E4D21C5}.Release|Any CPU.Build.0 = Release|Any CPU
		{A30D583C-7908-459B-9491-153D7E4D21C5}.Release|x64.ActiveCfg = Release|Any CPU
		{A30D583C-7908-459B-9491-153D7E4D21C5}.Release|x64.Build.0 = Release|Any CPU
		{A30D583C-7908-459B-9491-153D7E4D21C5}.Release|x86.ActiveCfg = Release|Any CPU
		{A30D583C-7908-459B-9491-153D7E4D21C5}.Release|x86.Build.0 = Release|Any CPU
		{85539061-069E-4C1E-9CA8-F6E89596BE44}.Debug|Any CPU.ActiveCfg = Debug|Any CPU
		{85539061-069E-4C1E-9CA8-F6E89596BE44}.Debug|Any CPU.Build.0 = Debug|Any CPU
		{85539061-069E-4C1E-9CA8-F6E89596BE44}.Debug|x64.ActiveCfg = Debug|Any CPU
		{85539061-069E-4C1E-9CA8-F6E89596BE44}.Debug|x64.Build.0 = Debug|Any CPU
		{85539061-069E-4C1E-9CA8-F6E89596BE44}.Debug|x86.ActiveCfg = Debug|Any CPU
		{85539061-069E-4C1E-9CA8-F6E89596BE44}.Debug|x86.Build.0 = Debug|Any CPU
		{85539061-069E-4C1E-9CA8-F6E89596BE44}.Release|Any CPU.ActiveCfg = Release|Any CPU
		{85539061-069E-4C1E-9CA8-F6E89596BE44}.Release|Any CPU.Build.0 = Release|Any CPU
		{85539061-069E-4C1E-9CA8-F6E89596BE44}.Release|x64.ActiveCfg = Release|Any CPU
		{85539061-069E-4C1E-9CA8-F6E89596BE44}.Release|x64.Build.0 = Release|Any CPU
		{85539061-069E-4C1E-9CA8-F6E89596BE44}.Release|x86.ActiveCfg = Release|Any CPU
		{85539061-069E-4C1E-9CA8-F6E89596BE44}.Release|x86.Build.0 = Release|Any CPU
		{0777EEE4-11CD-465C-8458-BB04B2930244}.Debug|Any CPU.ActiveCfg = Debug|Any CPU
		{0777EEE4-11CD-465C-8458-BB04B2930244}.Debug|Any CPU.Build.0 = Debug|Any CPU
		{0777EEE4-11CD-465C-8458-BB04B2930244}.Debug|x64.ActiveCfg = Debug|Any CPU
		{0777EEE4-11CD-465C-8458-BB04B2930244}.Debug|x64.Build.0 = Debug|Any CPU
		{0777EEE4-11CD-465C-8458-BB04B2930244}.Debug|x86.ActiveCfg = Debug|Any CPU
		{0777EEE4-11CD-465C-8458-BB04B2930244}.Debug|x86.Build.0 = Debug|Any CPU
		{0777EEE4-11CD-465C-8458-BB04B2930244}.Release|Any CPU.ActiveCfg = Release|Any CPU
		{0777EEE4-11CD-465C-8458-BB04B2930244}.Release|Any CPU.Build.0 = Release|Any CPU
		{0777EEE4-11CD-465C-8458-BB04B2930244}.Release|x64.ActiveCfg = Release|Any CPU
		{0777EEE4-11CD-465C-8458-BB04B2930244}.Release|x64.Build.0 = Release|Any CPU
		{0777EEE4-11CD-465C-8458-BB04B2930244}.Release|x86.ActiveCfg = Release|Any CPU
		{0777EEE4-11CD-465C-8458-BB04B2930244}.Release|x86.Build.0 = Release|Any CPU
		{B8A2C3D4-E5F6-7890-ABCD-EF1234567890}.Debug|Any CPU.ActiveCfg = Debug|Any CPU
		{B8A2C3D4-E5F6-7890-ABCD-EF1234567890}.Debug|Any CPU.Build.0 = Debug|Any CPU
		{B8A2C3D4-E5F6-7890-ABCD-EF1234567890}.Debug|x64.ActiveCfg = Debug|Any CPU
		{B8A2C3D4-E5F6-7890-ABCD-EF1234567890}.Debug|x64.Build.0 = Debug|Any CPU
		{B8A2C3D4-E5F6-7890-ABCD-EF1234567890}.Debug|x86.ActiveCfg = Debug|Any CPU
		{B8A2C3D4-E5F6-7890-ABCD-EF1234567890}.Debug|x86.Build.0 = Debug|Any CPU
		{B8A2C3D4-E5F6-7890-ABCD-EF1234567890}.Release|Any CPU.ActiveCfg = Release|Any CPU
		{B8A2C3D4-E5F6-7890-ABCD-EF1234567890}.Release|Any CPU.Build.0 = Release|Any CPU
		{B8A2C3D4-E5F6-7890-ABCD-EF1234567890}.Release|x64.ActiveCfg = Release|Any CPU
		{B8A2C3D4-E5F6-7890-ABCD-EF1234567890}.Release|x64.Build.0 = Release|Any CPU
		{B8A2C3D4-E5F6-7890-ABCD-EF1234567890}.Release|x86.ActiveCfg = Release|Any CPU
		{B8A2C3D4-E5F6-7890-ABCD-EF1234567890}.Release|x86.Build.0 = Release|Any CPU
		{980A5D9B-23D2-4EAC-9859-7F85B2F7C4D5}.Debug|Any CPU.ActiveCfg = Debug|Any CPU
		{980A5D9B-23D2-4EAC-9859-7F85B2F7C4D5}.Debug|Any CPU.Build.0 = Debug|Any CPU
		{980A5D9B-23D2-4EAC-9859-7F85B2F7C4D5}.Debug|x64.ActiveCfg = Debug|Any CPU
		{980A5D9B-23D2-4EAC-9859-7F85B2F7C4D5}.Debug|x64.Build.0 = Debug|Any CPU
		{980A5D9B-23D2-4EAC-9859-7F85B2F7C4D5}.Debug|x86.ActiveCfg = Debug|Any CPU
		{980A5D9B-23D2-4EAC-9859-7F85B2F7C4D5}.Debug|x86.Build.0 = Debug|Any CPU
		{980A5D9B-23D2-4EAC-9859-7F85B2F7C4D5}.Release|Any CPU.ActiveCfg = Release|Any CPU
		{980A5D9B-23D2-4EAC-9859-7F85B2F7C4D5}.Release|Any CPU.Build.0 = Release|Any CPU
		{980A5D9B-23D2-4EAC-9859-7F85B2F7C4D5}.Release|x64.ActiveCfg = Release|Any CPU
		{980A5D9B-23D2-4EAC-9859-7F85B2F7C4D5}.Release|x64.Build.0 = Release|Any CPU
		{980A5D9B-23D2-4EAC-9859-7F85B2F7C4D5}.Release|x86.ActiveCfg = Release|Any CPU
		{980A5D9B-23D2-4EAC-9859-7F85B2F7C4D5}.Release|x86.Build.0 = Release|Any CPU
		{DD43166E-212A-4F1E-8F06-0BC7919F4099}.Debug|Any CPU.ActiveCfg = Debug|Any CPU
		{DD43166E-212A-4F1E-8F06-0BC7919F4099}.Debug|Any CPU.Build.0 = Debug|Any CPU
		{DD43166E-212A-4F1E-8F06-0BC7919F4099}.Debug|x64.ActiveCfg = Debug|Any CPU
		{DD43166E-212A-4F1E-8F06-0BC7919F4099}.Debug|x64.Build.0 = Debug|Any CPU
		{DD43166E-212A-4F1E-8F06-0BC7919F4099}.Debug|x86.ActiveCfg = Debug|Any CPU
		{DD43166E-212A-4F1E-8F06-0BC7919F4099}.Debug|x86.Build.0 = Debug|Any CPU
		{DD43166E-212A-4F1E-8F06-0BC7919F4099}.Release|Any CPU.ActiveCfg = Release|Any CPU
		{DD43166E-212A-4F1E-8F06-0BC7919F4099}.Release|Any CPU.Build.0 = Release|Any CPU
		{DD43166E-212A-4F1E-8F06-0BC7919F4099}.Release|x64.ActiveCfg = Release|Any CPU
		{DD43166E-212A-4F1E-8F06-0BC7919F4099}.Release|x64.Build.0 = Release|Any CPU
		{DD43166E-212A-4F1E-8F06-0BC7919F4099}.Release|x86.ActiveCfg = Release|Any CPU
		{DD43166E-212A-4F1E-8F06-0BC7919F4099}.Release|x86.Build.0 = Release|Any CPU
	EndGlobalSection
	GlobalSection(SolutionProperties) = preSolution
		HideSolutionNode = FALSE
	EndGlobalSection
	GlobalSection(NestedProjects) = preSolution
		{70A95DEF-21DB-4B5A-AC23-61B910ACC637} = {827E0CD3-B72D-47B6-A68D-7590B98EB39B}
		{04684D03-7EC5-4D4E-836B-89D79C803209} = {827E0CD3-B72D-47B6-A68D-7590B98EB39B}
		{6AB4A804-36CB-465B-A0FF-5F0733E4D938} = {827E0CD3-B72D-47B6-A68D-7590B98EB39B}
		{ACAFF940-8D58-490E-BE62-B8A74232E4C9} = {827E0CD3-B72D-47B6-A68D-7590B98EB39B}
		{1C9A730A-3F63-4370-BF59-81A838D0A1DD} = {0AB3BF05-4346-4AA6-1389-037BE0695223}
		{D723C8A5-153B-4BCC-8BC7-AF2B93A72B72} = {0AB3BF05-4346-4AA6-1389-037BE0695223}
		{1FF2C150-9A99-462A-B07B-FB3ACB7D8E9F} = {0AB3BF05-4346-4AA6-1389-037BE0695223}
		{593884ED-985E-4E09-BD68-FA3F9AF2DC6D} = {0AB3BF05-4346-4AA6-1389-037BE0695223}
		{02EA681E-C7D8-13C7-8484-4AC65E1B71E8} = {827E0CD3-B72D-47B6-A68D-7590B98EB39B}
		{A30D583C-7908-459B-9491-153D7E4D21C5} = {02EA681E-C7D8-13C7-8484-4AC65E1B71E8}
		{85539061-069E-4C1E-9CA8-F6E89596BE44} = {02EA681E-C7D8-13C7-8484-4AC65E1B71E8}
		{0777EEE4-11CD-465C-8458-BB04B2930244} = {02EA681E-C7D8-13C7-8484-4AC65E1B71E8}
		{B8A2C3D4-E5F6-7890-ABCD-EF1234567890} = {02EA681E-C7D8-13C7-8484-4AC65E1B71E8}
		{980A5D9B-23D2-4EAC-9859-7F85B2F7C4D5} = {02EA681E-C7D8-13C7-8484-4AC65E1B71E8}
		{DD43166E-212A-4F1E-8F06-0BC7919F4099} = {02EA681E-C7D8-13C7-8484-4AC65E1B71E8}
	EndGlobalSection
	GlobalSection(ExtensibilityGlobals) = postSolution
		SolutionGuid = {AA345954-209D-4772-B61C-21FE58CF0428}
	EndGlobalSection
EndGlobal
